// !$*UTF8*$!
{
	archiveVersion = 1;
	classes = {
	};
	objectVersion = 52;
	objects = {

/* Begin PBXBuildFile section */
		BB73F9CD24784EDE00EE2E8C /* Chain.swift in Sources */ = {isa = PBXBuildFile; fileRef = BB73F9CC24784EDE00EE2E8C /* Chain.swift */; };
		BB73F9CF2478554500EE2E8C /* EvolutionItemView.swift in Sources */ = {isa = PBXBuildFile; fileRef = BB73F9CE2478554500EE2E8C /* EvolutionItemView.swift */; };
		BB73F9D1247855F400EE2E8C /* EvolutionItemViewModel.swift in Sources */ = {isa = PBXBuildFile; fileRef = BB73F9D0247855F400EE2E8C /* EvolutionItemViewModel.swift */; };
		BB76838E2474F1C500C26059 /* PokemonDetailView.swift in Sources */ = {isa = PBXBuildFile; fileRef = BB76838D2474F1C500C26059 /* PokemonDetailView.swift */; };
		BB7683902474F42700C26059 /* ButtonAnimatedStyle.swift in Sources */ = {isa = PBXBuildFile; fileRef = BB76838F2474F42700C26059 /* ButtonAnimatedStyle.swift */; };
		BB76839224757CB400C26059 /* getPokemonUseCase.swift in Sources */ = {isa = PBXBuildFile; fileRef = BB76839124757CB400C26059 /* getPokemonUseCase.swift */; };
		BB76839424758F5700C26059 /* HoboStd.otf in Resources */ = {isa = PBXBuildFile; fileRef = BB76839324758F5700C26059 /* HoboStd.otf */; };
		BB7683972475965000C26059 /* Stat.swift in Sources */ = {isa = PBXBuildFile; fileRef = BB7683962475965000C26059 /* Stat.swift */; };
		BB76839924759F6300C26059 /* Ability.swift in Sources */ = {isa = PBXBuildFile; fileRef = BB76839824759F6300C26059 /* Ability.swift */; };
		BB76839B2475A03300C26059 /* Type.swift in Sources */ = {isa = PBXBuildFile; fileRef = BB76839A2475A03300C26059 /* Type.swift */; };
		BB76839E2475ADB500C26059 /* Types.swift in Sources */ = {isa = PBXBuildFile; fileRef = BB76839D2475ADB500C26059 /* Types.swift */; };
		BB7683A02475AE4300C26059 /* PokemonDetailViewModel.swift in Sources */ = {isa = PBXBuildFile; fileRef = BB76839F2475AE4300C26059 /* PokemonDetailViewModel.swift */; };
		BB7683A9247611A300C26059 /* NavigationBackButton.swift in Sources */ = {isa = PBXBuildFile; fileRef = BB7683A8247611A300C26059 /* NavigationBackButton.swift */; };
		BB7683AB24763E6700C26059 /* CornerRadius+View.swift in Sources */ = {isa = PBXBuildFile; fileRef = BB7683AA24763E6700C26059 /* CornerRadius+View.swift */; };
		BB7683AD24764B1B00C26059 /* SegmentedComponent.swift in Sources */ = {isa = PBXBuildFile; fileRef = BB7683AC24764B1B00C26059 /* SegmentedComponent.swift */; };
		BB7683AF2476520E00C26059 /* ProgressBar.swift in Sources */ = {isa = PBXBuildFile; fileRef = BB7683AE2476520E00C26059 /* ProgressBar.swift */; };
		BB7683B12476555A00C26059 /* StatsView.swift in Sources */ = {isa = PBXBuildFile; fileRef = BB7683B02476555A00C26059 /* StatsView.swift */; };
		BB81B6CD2474630700ADCB7F /* PokemonListView.swift in Sources */ = {isa = PBXBuildFile; fileRef = BB81B6CC2474630700ADCB7F /* PokemonListView.swift */; };
		BB81B6CF2474631800ADCB7F /* PokemonListViewModel.swift in Sources */ = {isa = PBXBuildFile; fileRef = BB81B6CE2474631800ADCB7F /* PokemonListViewModel.swift */; };
		BB81B6D12474894000ADCB7F /* RootNavigationView.swift in Sources */ = {isa = PBXBuildFile; fileRef = BB81B6D02474894000ADCB7F /* RootNavigationView.swift */; };
		BB81B6D524748EB000ADCB7F /* PokemonHollowNormal.ttf in Resources */ = {isa = PBXBuildFile; fileRef = BB81B6D424748E9000ADCB7F /* PokemonHollowNormal.ttf */; };
		BB81B6D72474985C00ADCB7F /* PokemonSolidNormal.ttf in Resources */ = {isa = PBXBuildFile; fileRef = BB81B6D62474985600ADCB7F /* PokemonSolidNormal.ttf */; };
		BB81B6DD24749EBF00ADCB7F /* ImageViewComponent.swift in Sources */ = {isa = PBXBuildFile; fileRef = BB81B6DC24749EBF00ADCB7F /* ImageViewComponent.swift */; };
		BB81B6E52474A06000ADCB7F /* KingfisherSwiftUIDynamic in Frameworks */ = {isa = PBXBuildFile; productRef = BB81B6E42474A06000ADCB7F /* KingfisherSwiftUIDynamic */; };
		BB81B6E62474A06000ADCB7F /* KingfisherSwiftUIDynamic in Embed Frameworks */ = {isa = PBXBuildFile; productRef = BB81B6E42474A06000ADCB7F /* KingfisherSwiftUIDynamic */; settings = {ATTRIBUTES = (CodeSignOnCopy, ); }; };
		BB81B6E82474A06000ADCB7F /* KingfisherSwiftUI in Frameworks */ = {isa = PBXBuildFile; productRef = BB81B6E72474A06000ADCB7F /* KingfisherSwiftUI */; };
		BB81B6EA2474A06000ADCB7F /* KingfisherSwiftUIStatic in Frameworks */ = {isa = PBXBuildFile; productRef = BB81B6E92474A06000ADCB7F /* KingfisherSwiftUIStatic */; };
		BB81B6ED2474A17800ADCB7F /* ImageSizeHelper.swift in Sources */ = {isa = PBXBuildFile; fileRef = BB81B6EC2474A17800ADCB7F /* ImageSizeHelper.swift */; };
		BB81B6F02474A4C200ADCB7F /* Array+Chunk.swift in Sources */ = {isa = PBXBuildFile; fileRef = BB81B6EF2474A4C200ADCB7F /* Array+Chunk.swift */; };
		BB81B6F32474A51000ADCB7F /* PokemonListRowView.swift in Sources */ = {isa = PBXBuildFile; fileRef = BB81B6F22474A51000ADCB7F /* PokemonListRowView.swift */; };
		BB81B6F52474A5BA00ADCB7F /* PokemonListCellView.swift in Sources */ = {isa = PBXBuildFile; fileRef = BB81B6F42474A5BA00ADCB7F /* PokemonListCellView.swift */; };
		BB81B6F72474C8D400ADCB7F /* PokemonListCellViewModel.swift in Sources */ = {isa = PBXBuildFile; fileRef = BB81B6F62474C8D400ADCB7F /* PokemonListCellViewModel.swift */; };
		BB81B6FA2474DB8D00ADCB7F /* TextStyles.swift in Sources */ = {isa = PBXBuildFile; fileRef = BB81B6F92474DB8D00ADCB7F /* TextStyles.swift */; };
		BB81B6FC2474DEB300ADCB7F /* SearchBar.swift in Sources */ = {isa = PBXBuildFile; fileRef = BB81B6FB2474DEB300ADCB7F /* SearchBar.swift */; };
		BB86C5B4247A19E3005C155D /* LoadingView.swift in Sources */ = {isa = PBXBuildFile; fileRef = BB86C5B3247A19E3005C155D /* LoadingView.swift */; };
		BB86C5B6247A1A34005C155D /* ActivityIndicator.swift in Sources */ = {isa = PBXBuildFile; fileRef = BB86C5B5247A1A34005C155D /* ActivityIndicator.swift */; };
		BB86C5B8247B5902005C155D /* NotFoundView.swift in Sources */ = {isa = PBXBuildFile; fileRef = BB86C5B7247B5902005C155D /* NotFoundView.swift */; };
		BB86C5BA247B595E005C155D /* UIApplication+Keyboard.swift in Sources */ = {isa = PBXBuildFile; fileRef = BB86C5B9247B595E005C155D /* UIApplication+Keyboard.swift */; };
		BB86C5BC247B5A39005C155D /* Text+Style.swift in Sources */ = {isa = PBXBuildFile; fileRef = BB86C5BB247B5A39005C155D /* Text+Style.swift */; };
		BB86C5C0247C1F1D005C155D /* ProfileView.swift in Sources */ = {isa = PBXBuildFile; fileRef = BB86C5BF247C1F1D005C155D /* ProfileView.swift */; };
		BB86C5C2247C1F2F005C155D /* ProfileViewModel.swift in Sources */ = {isa = PBXBuildFile; fileRef = BB86C5C1247C1F2F005C155D /* ProfileViewModel.swift */; };
		BB86C5C7247C36CF005C155D /* PageView.swift in Sources */ = {isa = PBXBuildFile; fileRef = BB86C5C5247C36CE005C155D /* PageView.swift */; };
		BB86C5CA247C36F6005C155D /* PageControl.swift in Sources */ = {isa = PBXBuildFile; fileRef = BB86C5C9247C36F6005C155D /* PageControl.swift */; };
		BB86C5CC247C46BB005C155D /* Sprit.swift in Sources */ = {isa = PBXBuildFile; fileRef = BB86C5CB247C46BB005C155D /* Sprit.swift */; };
		BB86C5CE247C6039005C155D /* getAbilityUseCase.swift in Sources */ = {isa = PBXBuildFile; fileRef = BB86C5CD247C6039005C155D /* getAbilityUseCase.swift */; };
		BB86C5D0247C63CB005C155D /* AbilityDescription.swift in Sources */ = {isa = PBXBuildFile; fileRef = BB86C5CF247C63CB005C155D /* AbilityDescription.swift */; };
		BB86C5D2247C6652005C155D /* AbilityDescriptionView.swift in Sources */ = {isa = PBXBuildFile; fileRef = BB86C5D1247C6652005C155D /* AbilityDescriptionView.swift */; };
		BB86C5D4247C666F005C155D /* AbilityDescriptionViewModel.swift in Sources */ = {isa = PBXBuildFile; fileRef = BB86C5D3247C666F005C155D /* AbilityDescriptionViewModel.swift */; };
		BB9E28332476CD7C003ABC27 /* StatsViewModel.swift in Sources */ = {isa = PBXBuildFile; fileRef = BB9E28322476CD7C003ABC27 /* StatsViewModel.swift */; };
		BB9E28372476E583003ABC27 /* EvolutionView.swift in Sources */ = {isa = PBXBuildFile; fileRef = BB9E28362476E583003ABC27 /* EvolutionView.swift */; };
		BB9E283924776631003ABC27 /* Evolution.swift in Sources */ = {isa = PBXBuildFile; fileRef = BB9E283824776631003ABC27 /* Evolution.swift */; };
		BB9E283B247767EE003ABC27 /* getEvolutionUseCase.swift in Sources */ = {isa = PBXBuildFile; fileRef = BB9E283A247767EE003ABC27 /* getEvolutionUseCase.swift */; };
		BB9E283D2477765D003ABC27 /* Helpers.swift in Sources */ = {isa = PBXBuildFile; fileRef = BB9E283C2477765D003ABC27 /* Helpers.swift */; };
		BB9E283F24777DC7003ABC27 /* EvolutionViewModel.swift in Sources */ = {isa = PBXBuildFile; fileRef = BB9E283E24777DC7003ABC27 /* EvolutionViewModel.swift */; };
		BB9E284124778511003ABC27 /* Specie.swift in Sources */ = {isa = PBXBuildFile; fileRef = BB9E284024778511003ABC27 /* Specie.swift */; };
		BB9E284324778C32003ABC27 /* getSpecieUseCase.swift in Sources */ = {isa = PBXBuildFile; fileRef = BB9E284224778C32003ABC27 /* getSpecieUseCase.swift */; };
		BBCAAC71247446C500600812 /* AppDelegate.swift in Sources */ = {isa = PBXBuildFile; fileRef = BBCAAC70247446C500600812 /* AppDelegate.swift */; };
		BBCAAC73247446C500600812 /* SceneDelegate.swift in Sources */ = {isa = PBXBuildFile; fileRef = BBCAAC72247446C500600812 /* SceneDelegate.swift */; };
		BBCAAC77247446C600600812 /* Assets.xcassets in Resources */ = {isa = PBXBuildFile; fileRef = BBCAAC76247446C600600812 /* Assets.xcassets */; };
		BBCAAC7A247446C600600812 /* Preview Assets.xcassets in Resources */ = {isa = PBXBuildFile; fileRef = BBCAAC79247446C600600812 /* Preview Assets.xcassets */; };
		BBCAAC7D247446C600600812 /* LaunchScreen.storyboard in Resources */ = {isa = PBXBuildFile; fileRef = BBCAAC7B247446C600600812 /* LaunchScreen.storyboard */; };
		BBCAAC88247446C600600812 /* pokedex_challengeTests.swift in Sources */ = {isa = PBXBuildFile; fileRef = BBCAAC87247446C600600812 /* pokedex_challengeTests.swift */; };
		BBCAAC93247446C600600812 /* pokedex_challengeUITests.swift in Sources */ = {isa = PBXBuildFile; fileRef = BBCAAC92247446C600600812 /* pokedex_challengeUITests.swift */; };
		BBCAACA2247448E700600812 /* Moya in Frameworks */ = {isa = PBXBuildFile; productRef = BBCAACA1247448E700600812 /* Moya */; };
		BBCAACA62474491800600812 /* Pokemon.swift in Sources */ = {isa = PBXBuildFile; fileRef = BBCAACA52474491800600812 /* Pokemon.swift */; };
		BBCAACA824744A4300600812 /* PokemonList.swift in Sources */ = {isa = PBXBuildFile; fileRef = BBCAACA724744A4300600812 /* PokemonList.swift */; };
		BBCAACAA24744A4F00600812 /* PokemonAPI.swift in Sources */ = {isa = PBXBuildFile; fileRef = BBCAACA924744A4F00600812 /* PokemonAPI.swift */; };
		BBCAACAC24744A6100600812 /* NetworkManager.swift in Sources */ = {isa = PBXBuildFile; fileRef = BBCAACAB24744A6100600812 /* NetworkManager.swift */; };
		BBCAACAF24744B2400600812 /* Constants.swift in Sources */ = {isa = PBXBuildFile; fileRef = BBCAACAE24744B2400600812 /* Constants.swift */; };
		BBCAACB224744FFA00600812 /* getPokemonListUseCase.swift in Sources */ = {isa = PBXBuildFile; fileRef = BBCAACB124744FFA00600812 /* getPokemonListUseCase.swift */; };
		BBCAACB42474545500600812 /* Connectivity.swift in Sources */ = {isa = PBXBuildFile; fileRef = BBCAACB32474545500600812 /* Connectivity.swift */; };
/* End PBXBuildFile section */

/* Begin PBXContainerItemProxy section */
		BBCAAC84247446C600600812 /* PBXContainerItemProxy */ = {
			isa = PBXContainerItemProxy;
			containerPortal = BBCAAC65247446C500600812 /* Project object */;
			proxyType = 1;
			remoteGlobalIDString = BBCAAC6C247446C500600812;
			remoteInfo = "pokedex-challenge";
		};
		BBCAAC8F247446C600600812 /* PBXContainerItemProxy */ = {
			isa = PBXContainerItemProxy;
			containerPortal = BBCAAC65247446C500600812 /* Project object */;
			proxyType = 1;
			remoteGlobalIDString = BBCAAC6C247446C500600812;
			remoteInfo = "pokedex-challenge";
		};
/* End PBXContainerItemProxy section */

/* Begin PBXCopyFilesBuildPhase section */
		BB81B6EB2474A06000ADCB7F /* Embed Frameworks */ = {
			isa = PBXCopyFilesBuildPhase;
			buildActionMask = 2147483647;
			dstPath = "";
			dstSubfolderSpec = 10;
			files = (
				BB81B6E62474A06000ADCB7F /* KingfisherSwiftUIDynamic in Embed Frameworks */,
			);
			name = "Embed Frameworks";
			runOnlyForDeploymentPostprocessing = 0;
		};
/* End PBXCopyFilesBuildPhase section */

/* Begin PBXFileReference section */
		BB73F9CC24784EDE00EE2E8C /* Chain.swift */ = {isa = PBXFileReference; lastKnownFileType = sourcecode.swift; path = Chain.swift; sourceTree = "<group>"; };
		BB73F9CE2478554500EE2E8C /* EvolutionItemView.swift */ = {isa = PBXFileReference; lastKnownFileType = sourcecode.swift; path = EvolutionItemView.swift; sourceTree = "<group>"; };
		BB73F9D0247855F400EE2E8C /* EvolutionItemViewModel.swift */ = {isa = PBXFileReference; lastKnownFileType = sourcecode.swift; path = EvolutionItemViewModel.swift; sourceTree = "<group>"; };
		BB76838D2474F1C500C26059 /* PokemonDetailView.swift */ = {isa = PBXFileReference; lastKnownFileType = sourcecode.swift; path = PokemonDetailView.swift; sourceTree = "<group>"; };
		BB76838F2474F42700C26059 /* ButtonAnimatedStyle.swift */ = {isa = PBXFileReference; lastKnownFileType = sourcecode.swift; path = ButtonAnimatedStyle.swift; sourceTree = "<group>"; };
		BB76839124757CB400C26059 /* getPokemonUseCase.swift */ = {isa = PBXFileReference; lastKnownFileType = sourcecode.swift; path = getPokemonUseCase.swift; sourceTree = "<group>"; };
		BB76839324758F5700C26059 /* HoboStd.otf */ = {isa = PBXFileReference; lastKnownFileType = file; path = HoboStd.otf; sourceTree = "<group>"; };
		BB76839524758F7C00C26059 /* Lemoneign-Regular.ttf */ = {isa = PBXFileReference; lastKnownFileType = file; path = "Lemoneign-Regular.ttf"; sourceTree = "<group>"; };
		BB7683962475965000C26059 /* Stat.swift */ = {isa = PBXFileReference; lastKnownFileType = sourcecode.swift; path = Stat.swift; sourceTree = "<group>"; };
		BB76839824759F6300C26059 /* Ability.swift */ = {isa = PBXFileReference; lastKnownFileType = sourcecode.swift; path = Ability.swift; sourceTree = "<group>"; };
		BB76839A2475A03300C26059 /* Type.swift */ = {isa = PBXFileReference; lastKnownFileType = sourcecode.swift; path = Type.swift; sourceTree = "<group>"; };
		BB76839D2475ADB500C26059 /* Types.swift */ = {isa = PBXFileReference; lastKnownFileType = sourcecode.swift; path = Types.swift; sourceTree = "<group>"; };
		BB76839F2475AE4300C26059 /* PokemonDetailViewModel.swift */ = {isa = PBXFileReference; lastKnownFileType = sourcecode.swift; path = PokemonDetailViewModel.swift; sourceTree = "<group>"; };
		BB7683A8247611A300C26059 /* NavigationBackButton.swift */ = {isa = PBXFileReference; lastKnownFileType = sourcecode.swift; path = NavigationBackButton.swift; sourceTree = "<group>"; };
		BB7683AA24763E6700C26059 /* CornerRadius+View.swift */ = {isa = PBXFileReference; lastKnownFileType = sourcecode.swift; path = "CornerRadius+View.swift"; sourceTree = "<group>"; };
		BB7683AC24764B1B00C26059 /* SegmentedComponent.swift */ = {isa = PBXFileReference; lastKnownFileType = sourcecode.swift; path = SegmentedComponent.swift; sourceTree = "<group>"; };
		BB7683AE2476520E00C26059 /* ProgressBar.swift */ = {isa = PBXFileReference; lastKnownFileType = sourcecode.swift; path = ProgressBar.swift; sourceTree = "<group>"; };
		BB7683B02476555A00C26059 /* StatsView.swift */ = {isa = PBXFileReference; lastKnownFileType = sourcecode.swift; path = StatsView.swift; sourceTree = "<group>"; };
		BB81B6CC2474630700ADCB7F /* PokemonListView.swift */ = {isa = PBXFileReference; lastKnownFileType = sourcecode.swift; path = PokemonListView.swift; sourceTree = "<group>"; };
		BB81B6CE2474631800ADCB7F /* PokemonListViewModel.swift */ = {isa = PBXFileReference; lastKnownFileType = sourcecode.swift; path = PokemonListViewModel.swift; sourceTree = "<group>"; };
		BB81B6D02474894000ADCB7F /* RootNavigationView.swift */ = {isa = PBXFileReference; lastKnownFileType = sourcecode.swift; path = RootNavigationView.swift; sourceTree = "<group>"; };
		BB81B6D424748E9000ADCB7F /* PokemonHollowNormal.ttf */ = {isa = PBXFileReference; lastKnownFileType = file; path = PokemonHollowNormal.ttf; sourceTree = "<group>"; };
		BB81B6D62474985600ADCB7F /* PokemonSolidNormal.ttf */ = {isa = PBXFileReference; lastKnownFileType = file; path = PokemonSolidNormal.ttf; sourceTree = "<group>"; };
		BB81B6DC24749EBF00ADCB7F /* ImageViewComponent.swift */ = {isa = PBXFileReference; lastKnownFileType = sourcecode.swift; path = ImageViewComponent.swift; sourceTree = "<group>"; };
		BB81B6EC2474A17800ADCB7F /* ImageSizeHelper.swift */ = {isa = PBXFileReference; lastKnownFileType = sourcecode.swift; path = ImageSizeHelper.swift; sourceTree = "<group>"; };
		BB81B6EF2474A4C200ADCB7F /* Array+Chunk.swift */ = {isa = PBXFileReference; lastKnownFileType = sourcecode.swift; path = "Array+Chunk.swift"; sourceTree = "<group>"; };
		BB81B6F22474A51000ADCB7F /* PokemonListRowView.swift */ = {isa = PBXFileReference; lastKnownFileType = sourcecode.swift; path = PokemonListRowView.swift; sourceTree = "<group>"; };
		BB81B6F42474A5BA00ADCB7F /* PokemonListCellView.swift */ = {isa = PBXFileReference; lastKnownFileType = sourcecode.swift; path = PokemonListCellView.swift; sourceTree = "<group>"; };
		BB81B6F62474C8D400ADCB7F /* PokemonListCellViewModel.swift */ = {isa = PBXFileReference; lastKnownFileType = sourcecode.swift; path = PokemonListCellViewModel.swift; sourceTree = "<group>"; };
		BB81B6F92474DB8D00ADCB7F /* TextStyles.swift */ = {isa = PBXFileReference; lastKnownFileType = sourcecode.swift; path = TextStyles.swift; sourceTree = "<group>"; };
		BB81B6FB2474DEB300ADCB7F /* SearchBar.swift */ = {isa = PBXFileReference; lastKnownFileType = sourcecode.swift; path = SearchBar.swift; sourceTree = "<group>"; };
		BB86C5B3247A19E3005C155D /* LoadingView.swift */ = {isa = PBXFileReference; lastKnownFileType = sourcecode.swift; path = LoadingView.swift; sourceTree = "<group>"; };
		BB86C5B5247A1A34005C155D /* ActivityIndicator.swift */ = {isa = PBXFileReference; lastKnownFileType = sourcecode.swift; path = ActivityIndicator.swift; sourceTree = "<group>"; };
		BB86C5B7247B5902005C155D /* NotFoundView.swift */ = {isa = PBXFileReference; lastKnownFileType = sourcecode.swift; path = NotFoundView.swift; sourceTree = "<group>"; };
		BB86C5B9247B595E005C155D /* UIApplication+Keyboard.swift */ = {isa = PBXFileReference; lastKnownFileType = sourcecode.swift; path = "UIApplication+Keyboard.swift"; sourceTree = "<group>"; };
		BB86C5BB247B5A39005C155D /* Text+Style.swift */ = {isa = PBXFileReference; lastKnownFileType = sourcecode.swift; path = "Text+Style.swift"; sourceTree = "<group>"; };
		BB86C5BF247C1F1D005C155D /* ProfileView.swift */ = {isa = PBXFileReference; lastKnownFileType = sourcecode.swift; path = ProfileView.swift; sourceTree = "<group>"; };
		BB86C5C1247C1F2F005C155D /* ProfileViewModel.swift */ = {isa = PBXFileReference; lastKnownFileType = sourcecode.swift; path = ProfileViewModel.swift; sourceTree = "<group>"; };
		BB86C5C5247C36CE005C155D /* PageView.swift */ = {isa = PBXFileReference; fileEncoding = 4; lastKnownFileType = sourcecode.swift; path = PageView.swift; sourceTree = "<group>"; };
		BB86C5C9247C36F6005C155D /* PageControl.swift */ = {isa = PBXFileReference; fileEncoding = 4; lastKnownFileType = sourcecode.swift; path = PageControl.swift; sourceTree = "<group>"; };
		BB86C5CB247C46BB005C155D /* Sprit.swift */ = {isa = PBXFileReference; lastKnownFileType = sourcecode.swift; path = Sprit.swift; sourceTree = "<group>"; };
		BB86C5CD247C6039005C155D /* getAbilityUseCase.swift */ = {isa = PBXFileReference; lastKnownFileType = sourcecode.swift; path = getAbilityUseCase.swift; sourceTree = "<group>"; };
		BB86C5CF247C63CB005C155D /* AbilityDescription.swift */ = {isa = PBXFileReference; lastKnownFileType = sourcecode.swift; path = AbilityDescription.swift; sourceTree = "<group>"; };
		BB86C5D1247C6652005C155D /* AbilityDescriptionView.swift */ = {isa = PBXFileReference; lastKnownFileType = sourcecode.swift; path = AbilityDescriptionView.swift; sourceTree = "<group>"; };
		BB86C5D3247C666F005C155D /* AbilityDescriptionViewModel.swift */ = {isa = PBXFileReference; lastKnownFileType = sourcecode.swift; path = AbilityDescriptionViewModel.swift; sourceTree = "<group>"; };
		BB9E28322476CD7C003ABC27 /* StatsViewModel.swift */ = {isa = PBXFileReference; lastKnownFileType = sourcecode.swift; path = StatsViewModel.swift; sourceTree = "<group>"; };
		BB9E28362476E583003ABC27 /* EvolutionView.swift */ = {isa = PBXFileReference; lastKnownFileType = sourcecode.swift; path = EvolutionView.swift; sourceTree = "<group>"; };
		BB9E283824776631003ABC27 /* Evolution.swift */ = {isa = PBXFileReference; lastKnownFileType = sourcecode.swift; path = Evolution.swift; sourceTree = "<group>"; };
		BB9E283A247767EE003ABC27 /* getEvolutionUseCase.swift */ = {isa = PBXFileReference; lastKnownFileType = sourcecode.swift; path = getEvolutionUseCase.swift; sourceTree = "<group>"; };
		BB9E283C2477765D003ABC27 /* Helpers.swift */ = {isa = PBXFileReference; lastKnownFileType = sourcecode.swift; path = Helpers.swift; sourceTree = "<group>"; };
		BB9E283E24777DC7003ABC27 /* EvolutionViewModel.swift */ = {isa = PBXFileReference; lastKnownFileType = sourcecode.swift; path = EvolutionViewModel.swift; sourceTree = "<group>"; };
		BB9E284024778511003ABC27 /* Specie.swift */ = {isa = PBXFileReference; lastKnownFileType = sourcecode.swift; path = Specie.swift; sourceTree = "<group>"; };
		BB9E284224778C32003ABC27 /* getSpecieUseCase.swift */ = {isa = PBXFileReference; lastKnownFileType = sourcecode.swift; path = getSpecieUseCase.swift; sourceTree = "<group>"; };
		BBCAAC6D247446C500600812 /* pokedex-challenge.app */ = {isa = PBXFileReference; explicitFileType = wrapper.application; includeInIndex = 0; path = "pokedex-challenge.app"; sourceTree = BUILT_PRODUCTS_DIR; };
		BBCAAC70247446C500600812 /* AppDelegate.swift */ = {isa = PBXFileReference; lastKnownFileType = sourcecode.swift; path = AppDelegate.swift; sourceTree = "<group>"; };
		BBCAAC72247446C500600812 /* SceneDelegate.swift */ = {isa = PBXFileReference; lastKnownFileType = sourcecode.swift; path = SceneDelegate.swift; sourceTree = "<group>"; };
		BBCAAC76247446C600600812 /* Assets.xcassets */ = {isa = PBXFileReference; lastKnownFileType = folder.assetcatalog; path = Assets.xcassets; sourceTree = "<group>"; };
		BBCAAC79247446C600600812 /* Preview Assets.xcassets */ = {isa = PBXFileReference; lastKnownFileType = folder.assetcatalog; path = "Preview Assets.xcassets"; sourceTree = "<group>"; };
		BBCAAC7C247446C600600812 /* Base */ = {isa = PBXFileReference; lastKnownFileType = file.storyboard; name = Base; path = Base.lproj/LaunchScreen.storyboard; sourceTree = "<group>"; };
		BBCAAC7E247446C600600812 /* Info.plist */ = {isa = PBXFileReference; lastKnownFileType = text.plist.xml; path = Info.plist; sourceTree = "<group>"; };
		BBCAAC83247446C600600812 /* pokedex-challengeTests.xctest */ = {isa = PBXFileReference; explicitFileType = wrapper.cfbundle; includeInIndex = 0; path = "pokedex-challengeTests.xctest"; sourceTree = BUILT_PRODUCTS_DIR; };
		BBCAAC87247446C600600812 /* pokedex_challengeTests.swift */ = {isa = PBXFileReference; lastKnownFileType = sourcecode.swift; path = pokedex_challengeTests.swift; sourceTree = "<group>"; };
		BBCAAC89247446C600600812 /* Info.plist */ = {isa = PBXFileReference; lastKnownFileType = text.plist.xml; path = Info.plist; sourceTree = "<group>"; };
		BBCAAC8E247446C600600812 /* pokedex-challengeUITests.xctest */ = {isa = PBXFileReference; explicitFileType = wrapper.cfbundle; includeInIndex = 0; path = "pokedex-challengeUITests.xctest"; sourceTree = BUILT_PRODUCTS_DIR; };
		BBCAAC92247446C600600812 /* pokedex_challengeUITests.swift */ = {isa = PBXFileReference; lastKnownFileType = sourcecode.swift; path = pokedex_challengeUITests.swift; sourceTree = "<group>"; };
		BBCAAC94247446C600600812 /* Info.plist */ = {isa = PBXFileReference; lastKnownFileType = text.plist.xml; path = Info.plist; sourceTree = "<group>"; };
		BBCAACA52474491800600812 /* Pokemon.swift */ = {isa = PBXFileReference; lastKnownFileType = sourcecode.swift; path = Pokemon.swift; sourceTree = "<group>"; };
		BBCAACA724744A4300600812 /* PokemonList.swift */ = {isa = PBXFileReference; lastKnownFileType = sourcecode.swift; path = PokemonList.swift; sourceTree = "<group>"; };
		BBCAACA924744A4F00600812 /* PokemonAPI.swift */ = {isa = PBXFileReference; lastKnownFileType = sourcecode.swift; path = PokemonAPI.swift; sourceTree = "<group>"; };
		BBCAACAB24744A6100600812 /* NetworkManager.swift */ = {isa = PBXFileReference; lastKnownFileType = sourcecode.swift; path = NetworkManager.swift; sourceTree = "<group>"; };
		BBCAACAE24744B2400600812 /* Constants.swift */ = {isa = PBXFileReference; lastKnownFileType = sourcecode.swift; path = Constants.swift; sourceTree = "<group>"; };
		BBCAACB124744FFA00600812 /* getPokemonListUseCase.swift */ = {isa = PBXFileReference; lastKnownFileType = sourcecode.swift; path = getPokemonListUseCase.swift; sourceTree = "<group>"; };
		BBCAACB32474545500600812 /* Connectivity.swift */ = {isa = PBXFileReference; lastKnownFileType = sourcecode.swift; path = Connectivity.swift; sourceTree = "<group>"; };
/* End PBXFileReference section */

/* Begin PBXFrameworksBuildPhase section */
		BBCAAC6A247446C500600812 /* Frameworks */ = {
			isa = PBXFrameworksBuildPhase;
			buildActionMask = 2147483647;
			files = (
				BB81B6EA2474A06000ADCB7F /* KingfisherSwiftUIStatic in Frameworks */,
				BB81B6E82474A06000ADCB7F /* KingfisherSwiftUI in Frameworks */,
				BB81B6E52474A06000ADCB7F /* KingfisherSwiftUIDynamic in Frameworks */,
				BBCAACA2247448E700600812 /* Moya in Frameworks */,
			);
			runOnlyForDeploymentPostprocessing = 0;
		};
		BBCAAC80247446C600600812 /* Frameworks */ = {
			isa = PBXFrameworksBuildPhase;
			buildActionMask = 2147483647;
			files = (
			);
			runOnlyForDeploymentPostprocessing = 0;
		};
		BBCAAC8B247446C600600812 /* Frameworks */ = {
			isa = PBXFrameworksBuildPhase;
			buildActionMask = 2147483647;
			files = (
			);
			runOnlyForDeploymentPostprocessing = 0;
		};
/* End PBXFrameworksBuildPhase section */

/* Begin PBXGroup section */
		BB76839C2475AD7F00C26059 /* Types */ = {
			isa = PBXGroup;
			children = (
				BB76839D2475ADB500C26059 /* Types.swift */,
			);
			path = Types;
			sourceTree = "<group>";
		};
		BB81B6CA2474627200ADCB7F /* View */ = {
			isa = PBXGroup;
			children = (
				BB81B6F12474A4F600ADCB7F /* Cells */,
				BB81B6CC2474630700ADCB7F /* PokemonListView.swift */,
				BB81B6D02474894000ADCB7F /* RootNavigationView.swift */,
				BB76838D2474F1C500C26059 /* PokemonDetailView.swift */,
				BB7683B02476555A00C26059 /* StatsView.swift */,
				BB9E28362476E583003ABC27 /* EvolutionView.swift */,
				BB86C5BF247C1F1D005C155D /* ProfileView.swift */,
				BB86C5D1247C6652005C155D /* AbilityDescriptionView.swift */,
			);
			path = View;
			sourceTree = "<group>";
		};
		BB81B6CB2474627B00ADCB7F /* ViewModel */ = {
			isa = PBXGroup;
			children = (
				BB81B6CE2474631800ADCB7F /* PokemonListViewModel.swift */,
				BB81B6F62474C8D400ADCB7F /* PokemonListCellViewModel.swift */,
				BB76839F2475AE4300C26059 /* PokemonDetailViewModel.swift */,
				BB9E28322476CD7C003ABC27 /* StatsViewModel.swift */,
				BB9E283E24777DC7003ABC27 /* EvolutionViewModel.swift */,
				BB73F9D0247855F400EE2E8C /* EvolutionItemViewModel.swift */,
				BB86C5C1247C1F2F005C155D /* ProfileViewModel.swift */,
				BB86C5D3247C666F005C155D /* AbilityDescriptionViewModel.swift */,
			);
			path = ViewModel;
			sourceTree = "<group>";
		};
		BB81B6D224748E7200ADCB7F /* Resources */ = {
			isa = PBXGroup;
			children = (
				BB76839524758F7C00C26059 /* Lemoneign-Regular.ttf */,
				BB76839324758F5700C26059 /* HoboStd.otf */,
				BB81B6D62474985600ADCB7F /* PokemonSolidNormal.ttf */,
				BB81B6D424748E9000ADCB7F /* PokemonHollowNormal.ttf */,
				BB81B6D324748E8100ADCB7F /* Fonts */,
			);
			path = Resources;
			sourceTree = "<group>";
		};
		BB81B6D324748E8100ADCB7F /* Fonts */ = {
			isa = PBXGroup;
			children = (
			);
			path = Fonts;
			sourceTree = "<group>";
		};
		BB81B6DB24749E9400ADCB7F /* Components */ = {
			isa = PBXGroup;
			children = (
				BB86C5C9247C36F6005C155D /* PageControl.swift */,
				BB86C5C5247C36CE005C155D /* PageView.swift */,
				BB81B6DC24749EBF00ADCB7F /* ImageViewComponent.swift */,
				BB81B6FB2474DEB300ADCB7F /* SearchBar.swift */,
				BB7683A8247611A300C26059 /* NavigationBackButton.swift */,
				BB7683AC24764B1B00C26059 /* SegmentedComponent.swift */,
				BB7683AE2476520E00C26059 /* ProgressBar.swift */,
				BB86C5B3247A19E3005C155D /* LoadingView.swift */,
				BB86C5B5247A1A34005C155D /* ActivityIndicator.swift */,
				BB86C5B7247B5902005C155D /* NotFoundView.swift */,
			);
			path = Components;
			sourceTree = "<group>";
		};
		BB81B6EE2474A49E00ADCB7F /* Extensions */ = {
			isa = PBXGroup;
			children = (
				BB81B6EF2474A4C200ADCB7F /* Array+Chunk.swift */,
				BB7683AA24763E6700C26059 /* CornerRadius+View.swift */,
				BB86C5B9247B595E005C155D /* UIApplication+Keyboard.swift */,
				BB86C5BB247B5A39005C155D /* Text+Style.swift */,
			);
			path = Extensions;
			sourceTree = "<group>";
		};
		BB81B6F12474A4F600ADCB7F /* Cells */ = {
			isa = PBXGroup;
			children = (
				BB73F9CE2478554500EE2E8C /* EvolutionItemView.swift */,
				BB81B6F22474A51000ADCB7F /* PokemonListRowView.swift */,
				BB81B6F42474A5BA00ADCB7F /* PokemonListCellView.swift */,
			);
			path = Cells;
			sourceTree = "<group>";
		};
		BB81B6F82474DB6F00ADCB7F /* Styles */ = {
			isa = PBXGroup;
			children = (
				BB81B6F92474DB8D00ADCB7F /* TextStyles.swift */,
				BB76838F2474F42700C26059 /* ButtonAnimatedStyle.swift */,
			);
			path = Styles;
			sourceTree = "<group>";
		};
		BBCAAC64247446C500600812 = {
			isa = PBXGroup;
			children = (
				BBCAAC6F247446C500600812 /* pokedex-challenge */,
				BBCAAC86247446C600600812 /* pokedex-challengeTests */,
				BBCAAC91247446C600600812 /* pokedex-challengeUITests */,
				BBCAAC6E247446C500600812 /* Products */,
			);
			sourceTree = "<group>";
		};
		BBCAAC6E247446C500600812 /* Products */ = {
			isa = PBXGroup;
			children = (
				BBCAAC6D247446C500600812 /* pokedex-challenge.app */,
				BBCAAC83247446C600600812 /* pokedex-challengeTests.xctest */,
				BBCAAC8E247446C600600812 /* pokedex-challengeUITests.xctest */,
			);
			name = Products;
			sourceTree = "<group>";
		};
		BBCAAC6F247446C500600812 /* pokedex-challenge */ = {
			isa = PBXGroup;
			children = (
				BB76839C2475AD7F00C26059 /* Types */,
				BB81B6F82474DB6F00ADCB7F /* Styles */,
				BB81B6EE2474A49E00ADCB7F /* Extensions */,
				BB81B6DB24749E9400ADCB7F /* Components */,
				BB81B6D224748E7200ADCB7F /* Resources */,
				BB81B6CB2474627B00ADCB7F /* ViewModel */,
				BB81B6CA2474627200ADCB7F /* View */,
				BBCAACAD24744B1500600812 /* Utils */,
				BBCAACA4247448FF00600812 /* Model */,
				BBCAACA3247448F800600812 /* Services */,
				BBCAAC70247446C500600812 /* AppDelegate.swift */,
				BBCAAC72247446C500600812 /* SceneDelegate.swift */,
				BBCAAC76247446C600600812 /* Assets.xcassets */,
				BBCAAC7B247446C600600812 /* LaunchScreen.storyboard */,
				BBCAAC7E247446C600600812 /* Info.plist */,
				BBCAAC78247446C600600812 /* Preview Content */,
			);
			path = "pokedex-challenge";
			sourceTree = "<group>";
		};
		BBCAAC78247446C600600812 /* Preview Content */ = {
			isa = PBXGroup;
			children = (
				BBCAAC79247446C600600812 /* Preview Assets.xcassets */,
			);
			path = "Preview Content";
			sourceTree = "<group>";
		};
		BBCAAC86247446C600600812 /* pokedex-challengeTests */ = {
			isa = PBXGroup;
			children = (
				BBCAAC87247446C600600812 /* pokedex_challengeTests.swift */,
				BBCAAC89247446C600600812 /* Info.plist */,
			);
			path = "pokedex-challengeTests";
			sourceTree = "<group>";
		};
		BBCAAC91247446C600600812 /* pokedex-challengeUITests */ = {
			isa = PBXGroup;
			children = (
				BBCAAC92247446C600600812 /* pokedex_challengeUITests.swift */,
				BBCAAC94247446C600600812 /* Info.plist */,
			);
			path = "pokedex-challengeUITests";
			sourceTree = "<group>";
		};
		BBCAACA3247448F800600812 /* Services */ = {
			isa = PBXGroup;
			children = (
				BBCAACB024744DD200600812 /* UseCases */,
				BBCAACA924744A4F00600812 /* PokemonAPI.swift */,
				BBCAACAB24744A6100600812 /* NetworkManager.swift */,
			);
			path = Services;
			sourceTree = "<group>";
		};
		BBCAACA4247448FF00600812 /* Model */ = {
			isa = PBXGroup;
			children = (
				BBCAACA52474491800600812 /* Pokemon.swift */,
				BBCAACA724744A4300600812 /* PokemonList.swift */,
				BB7683962475965000C26059 /* Stat.swift */,
				BB76839824759F6300C26059 /* Ability.swift */,
				BB76839A2475A03300C26059 /* Type.swift */,
				BB9E283824776631003ABC27 /* Evolution.swift */,
				BB9E284024778511003ABC27 /* Specie.swift */,
				BB73F9CC24784EDE00EE2E8C /* Chain.swift */,
				BB86C5CB247C46BB005C155D /* Sprit.swift */,
				BB86C5CF247C63CB005C155D /* AbilityDescription.swift */,
			);
			path = Model;
			sourceTree = "<group>";
		};
		BBCAACAD24744B1500600812 /* Utils */ = {
			isa = PBXGroup;
			children = (
				BBCAACAE24744B2400600812 /* Constants.swift */,
				BBCAACB32474545500600812 /* Connectivity.swift */,
				BB81B6EC2474A17800ADCB7F /* ImageSizeHelper.swift */,
				BB9E283C2477765D003ABC27 /* Helpers.swift */,
			);
			path = Utils;
			sourceTree = "<group>";
		};
		BBCAACB024744DD200600812 /* UseCases */ = {
			isa = PBXGroup;
			children = (
				BBCAACB124744FFA00600812 /* getPokemonListUseCase.swift */,
				BB76839124757CB400C26059 /* getPokemonUseCase.swift */,
				BB9E283A247767EE003ABC27 /* getEvolutionUseCase.swift */,
				BB9E284224778C32003ABC27 /* getSpecieUseCase.swift */,
				BB86C5CD247C6039005C155D /* getAbilityUseCase.swift */,
			);
			path = UseCases;
			sourceTree = "<group>";
		};
/* End PBXGroup section */

/* Begin PBXNativeTarget section */
		BBCAAC6C247446C500600812 /* pokedex-challenge */ = {
			isa = PBXNativeTarget;
			buildConfigurationList = BBCAAC97247446C600600812 /* Build configuration list for PBXNativeTarget "pokedex-challenge" */;
			buildPhases = (
				BBCAAC69247446C500600812 /* Sources */,
				BBCAAC6A247446C500600812 /* Frameworks */,
				BBCAAC6B247446C500600812 /* Resources */,
				BB81B6EB2474A06000ADCB7F /* Embed Frameworks */,
			);
			buildRules = (
			);
			dependencies = (
			);
			name = "pokedex-challenge";
			packageProductDependencies = (
				BBCAACA1247448E700600812 /* Moya */,
				BB81B6E42474A06000ADCB7F /* KingfisherSwiftUIDynamic */,
				BB81B6E72474A06000ADCB7F /* KingfisherSwiftUI */,
				BB81B6E92474A06000ADCB7F /* KingfisherSwiftUIStatic */,
			);
			productName = "pokedex-challenge";
			productReference = BBCAAC6D247446C500600812 /* pokedex-challenge.app */;
			productType = "com.apple.product-type.application";
		};
		BBCAAC82247446C600600812 /* pokedex-challengeTests */ = {
			isa = PBXNativeTarget;
			buildConfigurationList = BBCAAC9A247446C600600812 /* Build configuration list for PBXNativeTarget "pokedex-challengeTests" */;
			buildPhases = (
				BBCAAC7F247446C600600812 /* Sources */,
				BBCAAC80247446C600600812 /* Frameworks */,
				BBCAAC81247446C600600812 /* Resources */,
			);
			buildRules = (
			);
			dependencies = (
				BBCAAC85247446C600600812 /* PBXTargetDependency */,
			);
			name = "pokedex-challengeTests";
			productName = "pokedex-challengeTests";
			productReference = BBCAAC83247446C600600812 /* pokedex-challengeTests.xctest */;
			productType = "com.apple.product-type.bundle.unit-test";
		};
		BBCAAC8D247446C600600812 /* pokedex-challengeUITests */ = {
			isa = PBXNativeTarget;
			buildConfigurationList = BBCAAC9D247446C600600812 /* Build configuration list for PBXNativeTarget "pokedex-challengeUITests" */;
			buildPhases = (
				BBCAAC8A247446C600600812 /* Sources */,
				BBCAAC8B247446C600600812 /* Frameworks */,
				BBCAAC8C247446C600600812 /* Resources */,
			);
			buildRules = (
			);
			dependencies = (
				BBCAAC90247446C600600812 /* PBXTargetDependency */,
			);
			name = "pokedex-challengeUITests";
			productName = "pokedex-challengeUITests";
			productReference = BBCAAC8E247446C600600812 /* pokedex-challengeUITests.xctest */;
			productType = "com.apple.product-type.bundle.ui-testing";
		};
/* End PBXNativeTarget section */

/* Begin PBXProject section */
		BBCAAC65247446C500600812 /* Project object */ = {
			isa = PBXProject;
			attributes = {
				LastSwiftUpdateCheck = 1140;
				LastUpgradeCheck = 1140;
				ORGANIZATIONNAME = "Hannah ";
				TargetAttributes = {
					BBCAAC6C247446C500600812 = {
						CreatedOnToolsVersion = 11.4.1;
					};
					BBCAAC82247446C600600812 = {
						CreatedOnToolsVersion = 11.4.1;
						TestTargetID = BBCAAC6C247446C500600812;
					};
					BBCAAC8D247446C600600812 = {
						CreatedOnToolsVersion = 11.4.1;
						TestTargetID = BBCAAC6C247446C500600812;
					};
				};
			};
			buildConfigurationList = BBCAAC68247446C500600812 /* Build configuration list for PBXProject "pokedex-challenge" */;
			compatibilityVersion = "Xcode 9.3";
			developmentRegion = en;
			hasScannedForEncodings = 0;
			knownRegions = (
				en,
				Base,
			);
			mainGroup = BBCAAC64247446C500600812;
			packageReferences = (
				BBCAACA0247448E700600812 /* XCRemoteSwiftPackageReference "Moya" */,
				BB81B6E32474A06000ADCB7F /* XCRemoteSwiftPackageReference "Kingfisher" */,
			);
			productRefGroup = BBCAAC6E247446C500600812 /* Products */;
			projectDirPath = "";
			projectRoot = "";
			targets = (
				BBCAAC6C247446C500600812 /* pokedex-challenge */,
				BBCAAC82247446C600600812 /* pokedex-challengeTests */,
				BBCAAC8D247446C600600812 /* pokedex-challengeUITests */,
			);
		};
/* End PBXProject section */

/* Begin PBXResourcesBuildPhase section */
		BBCAAC6B247446C500600812 /* Resources */ = {
			isa = PBXResourcesBuildPhase;
			buildActionMask = 2147483647;
			files = (
				BB81B6D524748EB000ADCB7F /* PokemonHollowNormal.ttf in Resources */,
				BBCAAC7D247446C600600812 /* LaunchScreen.storyboard in Resources */,
				BBCAAC7A247446C600600812 /* Preview Assets.xcassets in Resources */,
				BB76839424758F5700C26059 /* HoboStd.otf in Resources */,
				BBCAAC77247446C600600812 /* Assets.xcassets in Resources */,
				BB81B6D72474985C00ADCB7F /* PokemonSolidNormal.ttf in Resources */,
			);
			runOnlyForDeploymentPostprocessing = 0;
		};
		BBCAAC81247446C600600812 /* Resources */ = {
			isa = PBXResourcesBuildPhase;
			buildActionMask = 2147483647;
			files = (
			);
			runOnlyForDeploymentPostprocessing = 0;
		};
		BBCAAC8C247446C600600812 /* Resources */ = {
			isa = PBXResourcesBuildPhase;
			buildActionMask = 2147483647;
			files = (
			);
			runOnlyForDeploymentPostprocessing = 0;
		};
/* End PBXResourcesBuildPhase section */

/* Begin PBXSourcesBuildPhase section */
		BBCAAC69247446C500600812 /* Sources */ = {
			isa = PBXSourcesBuildPhase;
			buildActionMask = 2147483647;
			files = (
				BB9E284124778511003ABC27 /* Specie.swift in Sources */,
				BB81B6F52474A5BA00ADCB7F /* PokemonListCellView.swift in Sources */,
				BB86C5CA247C36F6005C155D /* PageControl.swift in Sources */,
				BB81B6DD24749EBF00ADCB7F /* ImageViewComponent.swift in Sources */,
				BB86C5D4247C666F005C155D /* AbilityDescriptionViewModel.swift in Sources */,
				BB81B6CD2474630700ADCB7F /* PokemonListView.swift in Sources */,
				BB9E283924776631003ABC27 /* Evolution.swift in Sources */,
				BBCAAC71247446C500600812 /* AppDelegate.swift in Sources */,
				BBCAACA62474491800600812 /* Pokemon.swift in Sources */,
				BB76838E2474F1C500C26059 /* PokemonDetailView.swift in Sources */,
				BB86C5B4247A19E3005C155D /* LoadingView.swift in Sources */,
				BB86C5BC247B5A39005C155D /* Text+Style.swift in Sources */,
				BB76839924759F6300C26059 /* Ability.swift in Sources */,
				BB73F9CD24784EDE00EE2E8C /* Chain.swift in Sources */,
				BB86C5D2247C6652005C155D /* AbilityDescriptionView.swift in Sources */,
				BB86C5D0247C63CB005C155D /* AbilityDescription.swift in Sources */,
				BB9E283D2477765D003ABC27 /* Helpers.swift in Sources */,
				BB86C5B6247A1A34005C155D /* ActivityIndicator.swift in Sources */,
				BB76839B2475A03300C26059 /* Type.swift in Sources */,
				BB7683AD24764B1B00C26059 /* SegmentedComponent.swift in Sources */,
				BB73F9CF2478554500EE2E8C /* EvolutionItemView.swift in Sources */,
				BB81B6F32474A51000ADCB7F /* PokemonListRowView.swift in Sources */,
				BB73F9D1247855F400EE2E8C /* EvolutionItemViewModel.swift in Sources */,
				BB7683A9247611A300C26059 /* NavigationBackButton.swift in Sources */,
				BB7683B12476555A00C26059 /* StatsView.swift in Sources */,
				BB86C5CE247C6039005C155D /* getAbilityUseCase.swift in Sources */,
				BB9E283F24777DC7003ABC27 /* EvolutionViewModel.swift in Sources */,
				BB86C5BA247B595E005C155D /* UIApplication+Keyboard.swift in Sources */,
				BB9E28332476CD7C003ABC27 /* StatsViewModel.swift in Sources */,
				BBCAACB42474545500600812 /* Connectivity.swift in Sources */,
				BB9E284324778C32003ABC27 /* getSpecieUseCase.swift in Sources */,
				BB9E28372476E583003ABC27 /* EvolutionView.swift in Sources */,
				BBCAACAA24744A4F00600812 /* PokemonAPI.swift in Sources */,
				BB7683A02475AE4300C26059 /* PokemonDetailViewModel.swift in Sources */,
				BB7683972475965000C26059 /* Stat.swift in Sources */,
				BB86C5C2247C1F2F005C155D /* ProfileViewModel.swift in Sources */,
				BB76839224757CB400C26059 /* getPokemonUseCase.swift in Sources */,
				BB7683AB24763E6700C26059 /* CornerRadius+View.swift in Sources */,
				BB86C5C0247C1F1D005C155D /* ProfileView.swift in Sources */,
				BBCAACAC24744A6100600812 /* NetworkManager.swift in Sources */,
				BBCAAC73247446C500600812 /* SceneDelegate.swift in Sources */,
				BB81B6ED2474A17800ADCB7F /* ImageSizeHelper.swift in Sources */,
				BB81B6FA2474DB8D00ADCB7F /* TextStyles.swift in Sources */,
				BBCAACB224744FFA00600812 /* getPokemonListUseCase.swift in Sources */,
				BB7683AF2476520E00C26059 /* ProgressBar.swift in Sources */,
				BB81B6D12474894000ADCB7F /* RootNavigationView.swift in Sources */,
				BBCAACA824744A4300600812 /* PokemonList.swift in Sources */,
				BB86C5C7247C36CF005C155D /* PageView.swift in Sources */,
				BB81B6CF2474631800ADCB7F /* PokemonListViewModel.swift in Sources */,
				BB9E283B247767EE003ABC27 /* getEvolutionUseCase.swift in Sources */,
				BB86C5CC247C46BB005C155D /* Sprit.swift in Sources */,
				BB86C5B8247B5902005C155D /* NotFoundView.swift in Sources */,
				BBCAACAF24744B2400600812 /* Constants.swift in Sources */,
				BB81B6FC2474DEB300ADCB7F /* SearchBar.swift in Sources */,
				BB81B6F72474C8D400ADCB7F /* PokemonListCellViewModel.swift in Sources */,
				BB76839E2475ADB500C26059 /* Types.swift in Sources */,
				BB7683902474F42700C26059 /* ButtonAnimatedStyle.swift in Sources */,
				BB81B6F02474A4C200ADCB7F /* Array+Chunk.swift in Sources */,
			);
			runOnlyForDeploymentPostprocessing = 0;
		};
		BBCAAC7F247446C600600812 /* Sources */ = {
			isa = PBXSourcesBuildPhase;
			buildActionMask = 2147483647;
			files = (
				BBCAAC88247446C600600812 /* pokedex_challengeTests.swift in Sources */,
			);
			runOnlyForDeploymentPostprocessing = 0;
		};
		BBCAAC8A247446C600600812 /* Sources */ = {
			isa = PBXSourcesBuildPhase;
			buildActionMask = 2147483647;
			files = (
				BBCAAC93247446C600600812 /* pokedex_challengeUITests.swift in Sources */,
			);
			runOnlyForDeploymentPostprocessing = 0;
		};
/* End PBXSourcesBuildPhase section */

/* Begin PBXTargetDependency section */
		BBCAAC85247446C600600812 /* PBXTargetDependency */ = {
			isa = PBXTargetDependency;
			target = BBCAAC6C247446C500600812 /* pokedex-challenge */;
			targetProxy = BBCAAC84247446C600600812 /* PBXContainerItemProxy */;
		};
		BBCAAC90247446C600600812 /* PBXTargetDependency */ = {
			isa = PBXTargetDependency;
			target = BBCAAC6C247446C500600812 /* pokedex-challenge */;
			targetProxy = BBCAAC8F247446C600600812 /* PBXContainerItemProxy */;
		};
/* End PBXTargetDependency section */

/* Begin PBXVariantGroup section */
		BBCAAC7B247446C600600812 /* LaunchScreen.storyboard */ = {
			isa = PBXVariantGroup;
			children = (
				BBCAAC7C247446C600600812 /* Base */,
			);
			name = LaunchScreen.storyboard;
			sourceTree = "<group>";
		};
/* End PBXVariantGroup section */

/* Begin XCBuildConfiguration section */
		BBCAAC95247446C600600812 /* Debug */ = {
			isa = XCBuildConfiguration;
			buildSettings = {
				ALWAYS_SEARCH_USER_PATHS = NO;
				CLANG_ANALYZER_NONNULL = YES;
				CLANG_ANALYZER_NUMBER_OBJECT_CONVERSION = YES_AGGRESSIVE;
				CLANG_CXX_LANGUAGE_STANDARD = "gnu++14";
				CLANG_CXX_LIBRARY = "libc++";
				CLANG_ENABLE_MODULES = YES;
				CLANG_ENABLE_OBJC_ARC = YES;
				CLANG_ENABLE_OBJC_WEAK = YES;
				CLANG_WARN_BLOCK_CAPTURE_AUTORELEASING = YES;
				CLANG_WARN_BOOL_CONVERSION = YES;
				CLANG_WARN_COMMA = YES;
				CLANG_WARN_CONSTANT_CONVERSION = YES;
				CLANG_WARN_DEPRECATED_OBJC_IMPLEMENTATIONS = YES;
				CLANG_WARN_DIRECT_OBJC_ISA_USAGE = YES_ERROR;
				CLANG_WARN_DOCUMENTATION_COMMENTS = YES;
				CLANG_WARN_EMPTY_BODY = YES;
				CLANG_WARN_ENUM_CONVERSION = YES;
				CLANG_WARN_INFINITE_RECURSION = YES;
				CLANG_WARN_INT_CONVERSION = YES;
				CLANG_WARN_NON_LITERAL_NULL_CONVERSION = YES;
				CLANG_WARN_OBJC_IMPLICIT_RETAIN_SELF = YES;
				CLANG_WARN_OBJC_LITERAL_CONVERSION = YES;
				CLANG_WARN_OBJC_ROOT_CLASS = YES_ERROR;
				CLANG_WARN_RANGE_LOOP_ANALYSIS = YES;
				CLANG_WARN_STRICT_PROTOTYPES = YES;
				CLANG_WARN_SUSPICIOUS_MOVE = YES;
				CLANG_WARN_UNGUARDED_AVAILABILITY = YES_AGGRESSIVE;
				CLANG_WARN_UNREACHABLE_CODE = YES;
				CLANG_WARN__DUPLICATE_METHOD_MATCH = YES;
				COPY_PHASE_STRIP = NO;
				DEBUG_INFORMATION_FORMAT = dwarf;
				ENABLE_STRICT_OBJC_MSGSEND = YES;
				ENABLE_TESTABILITY = YES;
				GCC_C_LANGUAGE_STANDARD = gnu11;
				GCC_DYNAMIC_NO_PIC = NO;
				GCC_NO_COMMON_BLOCKS = YES;
				GCC_OPTIMIZATION_LEVEL = 0;
				GCC_PREPROCESSOR_DEFINITIONS = (
					"DEBUG=1",
					"$(inherited)",
				);
				GCC_WARN_64_TO_32_BIT_CONVERSION = YES;
				GCC_WARN_ABOUT_RETURN_TYPE = YES_ERROR;
				GCC_WARN_UNDECLARED_SELECTOR = YES;
				GCC_WARN_UNINITIALIZED_AUTOS = YES_AGGRESSIVE;
				GCC_WARN_UNUSED_FUNCTION = YES;
				GCC_WARN_UNUSED_VARIABLE = YES;
				IPHONEOS_DEPLOYMENT_TARGET = 13.4;
				MTL_ENABLE_DEBUG_INFO = INCLUDE_SOURCE;
				MTL_FAST_MATH = YES;
				ONLY_ACTIVE_ARCH = YES;
				SDKROOT = iphoneos;
				SWIFT_ACTIVE_COMPILATION_CONDITIONS = DEBUG;
				SWIFT_OPTIMIZATION_LEVEL = "-Onone";
			};
			name = Debug;
		};
		BBCAAC96247446C600600812 /* Release */ = {
			isa = XCBuildConfiguration;
			buildSettings = {
				ALWAYS_SEARCH_USER_PATHS = NO;
				CLANG_ANALYZER_NONNULL = YES;
				CLANG_ANALYZER_NUMBER_OBJECT_CONVERSION = YES_AGGRESSIVE;
				CLANG_CXX_LANGUAGE_STANDARD = "gnu++14";
				CLANG_CXX_LIBRARY = "libc++";
				CLANG_ENABLE_MODULES = YES;
				CLANG_ENABLE_OBJC_ARC = YES;
				CLANG_ENABLE_OBJC_WEAK = YES;
				CLANG_WARN_BLOCK_CAPTURE_AUTORELEASING = YES;
				CLANG_WARN_BOOL_CONVERSION = YES;
				CLANG_WARN_COMMA = YES;
				CLANG_WARN_CONSTANT_CONVERSION = YES;
				CLANG_WARN_DEPRECATED_OBJC_IMPLEMENTATIONS = YES;
				CLANG_WARN_DIRECT_OBJC_ISA_USAGE = YES_ERROR;
				CLANG_WARN_DOCUMENTATION_COMMENTS = YES;
				CLANG_WARN_EMPTY_BODY = YES;
				CLANG_WARN_ENUM_CONVERSION = YES;
				CLANG_WARN_INFINITE_RECURSION = YES;
				CLANG_WARN_INT_CONVERSION = YES;
				CLANG_WARN_NON_LITERAL_NULL_CONVERSION = YES;
				CLANG_WARN_OBJC_IMPLICIT_RETAIN_SELF = YES;
				CLANG_WARN_OBJC_LITERAL_CONVERSION = YES;
				CLANG_WARN_OBJC_ROOT_CLASS = YES_ERROR;
				CLANG_WARN_RANGE_LOOP_ANALYSIS = YES;
				CLANG_WARN_STRICT_PROTOTYPES = YES;
				CLANG_WARN_SUSPICIOUS_MOVE = YES;
				CLANG_WARN_UNGUARDED_AVAILABILITY = YES_AGGRESSIVE;
				CLANG_WARN_UNREACHABLE_CODE = YES;
				CLANG_WARN__DUPLICATE_METHOD_MATCH = YES;
				COPY_PHASE_STRIP = NO;
				DEBUG_INFORMATION_FORMAT = "dwarf-with-dsym";
				ENABLE_NS_ASSERTIONS = NO;
				ENABLE_STRICT_OBJC_MSGSEND = YES;
				GCC_C_LANGUAGE_STANDARD = gnu11;
				GCC_NO_COMMON_BLOCKS = YES;
				GCC_WARN_64_TO_32_BIT_CONVERSION = YES;
				GCC_WARN_ABOUT_RETURN_TYPE = YES_ERROR;
				GCC_WARN_UNDECLARED_SELECTOR = YES;
				GCC_WARN_UNINITIALIZED_AUTOS = YES_AGGRESSIVE;
				GCC_WARN_UNUSED_FUNCTION = YES;
				GCC_WARN_UNUSED_VARIABLE = YES;
				IPHONEOS_DEPLOYMENT_TARGET = 13.4;
				MTL_ENABLE_DEBUG_INFO = NO;
				MTL_FAST_MATH = YES;
				SDKROOT = iphoneos;
				SWIFT_COMPILATION_MODE = wholemodule;
				SWIFT_OPTIMIZATION_LEVEL = "-O";
				VALIDATE_PRODUCT = YES;
			};
			name = Release;
		};
		BBCAAC98247446C600600812 /* Debug */ = {
			isa = XCBuildConfiguration;
			buildSettings = {
				ASSETCATALOG_COMPILER_APPICON_NAME = AppIcon;
				CODE_SIGN_STYLE = Automatic;
				DEVELOPMENT_ASSET_PATHS = "\"pokedex-challenge/Preview Content\"";
				ENABLE_PREVIEWS = YES;
				INFOPLIST_FILE = "pokedex-challenge/Info.plist";
				LD_RUNPATH_SEARCH_PATHS = (
					"$(inherited)",
					"@executable_path/Frameworks",
				);
				PRODUCT_BUNDLE_IDENTIFIER = "br.com.hannahlisboa.pokedex-challenge";
				PRODUCT_NAME = "$(TARGET_NAME)";
				SWIFT_VERSION = 5.0;
				TARGETED_DEVICE_FAMILY = "1,2";
			};
			name = Debug;
		};
		BBCAAC99247446C600600812 /* Release */ = {
			isa = XCBuildConfiguration;
			buildSettings = {
				ASSETCATALOG_COMPILER_APPICON_NAME = AppIcon;
				CODE_SIGN_STYLE = Automatic;
				DEVELOPMENT_ASSET_PATHS = "\"pokedex-challenge/Preview Content\"";
				ENABLE_PREVIEWS = YES;
				INFOPLIST_FILE = "pokedex-challenge/Info.plist";
				LD_RUNPATH_SEARCH_PATHS = (
					"$(inherited)",
					"@executable_path/Frameworks",
				);
				PRODUCT_BUNDLE_IDENTIFIER = "br.com.hannahlisboa.pokedex-challenge";
				PRODUCT_NAME = "$(TARGET_NAME)";
				SWIFT_VERSION = 5.0;
				TARGETED_DEVICE_FAMILY = "1,2";
			};
			name = Release;
		};
		BBCAAC9B247446C600600812 /* Debug */ = {
			isa = XCBuildConfiguration;
			buildSettings = {
				ALWAYS_EMBED_SWIFT_STANDARD_LIBRARIES = YES;
				BUNDLE_LOADER = "$(TEST_HOST)";
				CODE_SIGN_STYLE = Automatic;
				INFOPLIST_FILE = "pokedex-challengeTests/Info.plist";
				IPHONEOS_DEPLOYMENT_TARGET = 13.4;
				LD_RUNPATH_SEARCH_PATHS = (
					"$(inherited)",
					"@executable_path/Frameworks",
					"@loader_path/Frameworks",
				);
				PRODUCT_BUNDLE_IDENTIFIER = "br.com.hannahlisboa.pokedex-challengeTests";
				PRODUCT_NAME = "$(TARGET_NAME)";
				SWIFT_VERSION = 5.0;
				TARGETED_DEVICE_FAMILY = "1,2";
				TEST_HOST = "$(BUILT_PRODUCTS_DIR)/pokedex-challenge.app/pokedex-challenge";
			};
			name = Debug;
		};
		BBCAAC9C247446C600600812 /* Release */ = {
			isa = XCBuildConfiguration;
			buildSettings = {
				ALWAYS_EMBED_SWIFT_STANDARD_LIBRARIES = YES;
				BUNDLE_LOADER = "$(TEST_HOST)";
				CODE_SIGN_STYLE = Automatic;
				INFOPLIST_FILE = "pokedex-challengeTests/Info.plist";
				IPHONEOS_DEPLOYMENT_TARGET = 13.4;
				LD_RUNPATH_SEARCH_PATHS = (
					"$(inherited)",
					"@executable_path/Frameworks",
					"@loader_path/Frameworks",
				);
				PRODUCT_BUNDLE_IDENTIFIER = "br.com.hannahlisboa.pokedex-challengeTests";
				PRODUCT_NAME = "$(TARGET_NAME)";
				SWIFT_VERSION = 5.0;
				TARGETED_DEVICE_FAMILY = "1,2";
				TEST_HOST = "$(BUILT_PRODUCTS_DIR)/pokedex-challenge.app/pokedex-challenge";
			};
			name = Release;
		};
		BBCAAC9E247446C600600812 /* Debug */ = {
			isa = XCBuildConfiguration;
			buildSettings = {
				ALWAYS_EMBED_SWIFT_STANDARD_LIBRARIES = YES;
				CODE_SIGN_STYLE = Automatic;
				INFOPLIST_FILE = "pokedex-challengeUITests/Info.plist";
				LD_RUNPATH_SEARCH_PATHS = (
					"$(inherited)",
					"@executable_path/Frameworks",
					"@loader_path/Frameworks",
				);
				PRODUCT_BUNDLE_IDENTIFIER = "br.com.hannahlisboa.pokedex-challengeUITests";
				PRODUCT_NAME = "$(TARGET_NAME)";
				SWIFT_VERSION = 5.0;
				TARGETED_DEVICE_FAMILY = "1,2";
				TEST_TARGET_NAME = "pokedex-challenge";
			};
			name = Debug;
		};
		BBCAAC9F247446C600600812 /* Release */ = {
			isa = XCBuildConfiguration;
			buildSettings = {
				ALWAYS_EMBED_SWIFT_STANDARD_LIBRARIES = YES;
				CODE_SIGN_STYLE = Automatic;
				INFOPLIST_FILE = "pokedex-challengeUITests/Info.plist";
				LD_RUNPATH_SEARCH_PATHS = (
					"$(inherited)",
					"@executable_path/Frameworks",
					"@loader_path/Frameworks",
				);
				PRODUCT_BUNDLE_IDENTIFIER = "br.com.hannahlisboa.pokedex-challengeUITests";
				PRODUCT_NAME = "$(TARGET_NAME)";
				SWIFT_VERSION = 5.0;
				TARGETED_DEVICE_FAMILY = "1,2";
				TEST_TARGET_NAME = "pokedex-challenge";
			};
			name = Release;
		};
/* End XCBuildConfiguration section */

/* Begin XCConfigurationList section */
		BBCAAC68247446C500600812 /* Build configuration list for PBXProject "pokedex-challenge" */ = {
			isa = XCConfigurationList;
			buildConfigurations = (
				BBCAAC95247446C600600812 /* Debug */,
				BBCAAC96247446C600600812 /* Release */,
			);
			defaultConfigurationIsVisible = 0;
			defaultConfigurationName = Release;
		};
		BBCAAC97247446C600600812 /* Build configuration list for PBXNativeTarget "pokedex-challenge" */ = {
			isa = XCConfigurationList;
			buildConfigurations = (
				BBCAAC98247446C600600812 /* Debug */,
				BBCAAC99247446C600600812 /* Release */,
			);
			defaultConfigurationIsVisible = 0;
			defaultConfigurationName = Release;
		};
		BBCAAC9A247446C600600812 /* Build configuration list for PBXNativeTarget "pokedex-challengeTests" */ = {
			isa = XCConfigurationList;
			buildConfigurations = (
				BBCAAC9B247446C600600812 /* Debug */,
				BBCAAC9C247446C600600812 /* Release */,
			);
			defaultConfigurationIsVisible = 0;
			defaultConfigurationName = Release;
		};
		BBCAAC9D247446C600600812 /* Build configuration list for PBXNativeTarget "pokedex-challengeUITests" */ = {
			isa = XCConfigurationList;
			buildConfigurations = (
				BBCAAC9E247446C600600812 /* Debug */,
				BBCAAC9F247446C600600812 /* Release */,
			);
			defaultConfigurationIsVisible = 0;
			defaultConfigurationName = Release;
		};
/* End XCConfigurationList section */

/* Begin XCRemoteSwiftPackageReference section */
		BB81B6E32474A06000ADCB7F /* XCRemoteSwiftPackageReference "Kingfisher" */ = {
			isa = XCRemoteSwiftPackageReference;
			repositoryURL = "https://github.com/onevcat/Kingfisher.git";
			requirement = {
				kind = upToNextMajorVersion;
				minimumVersion = 5.14.0;
			};
		};
		BBCAACA0247448E700600812 /* XCRemoteSwiftPackageReference "Moya" */ = {
			isa = XCRemoteSwiftPackageReference;
			repositoryURL = "https://github.com/Moya/Moya.git";
			requirement = {
				kind = upToNextMajorVersion;
				minimumVersion = 14.0.0;
			};
		};
/* End XCRemoteSwiftPackageReference section */

/* Begin XCSwiftPackageProductDependency section */
		BB81B6E42474A06000ADCB7F /* KingfisherSwiftUIDynamic */ = {
			isa = XCSwiftPackageProductDependency;
			package = BB81B6E32474A06000ADCB7F /* XCRemoteSwiftPackageReference "Kingfisher" */;
			productName = KingfisherSwiftUIDynamic;
		};
		BB81B6E72474A06000ADCB7F /* KingfisherSwiftUI */ = {
			isa = XCSwiftPackageProductDependency;
			package = BB81B6E32474A06000ADCB7F /* XCRemoteSwiftPackageReference "Kingfisher" */;
			productName = KingfisherSwiftUI;
		};
		BB81B6E92474A06000ADCB7F /* KingfisherSwiftUIStatic */ = {
			isa = XCSwiftPackageProductDependency;
			package = BB81B6E32474A06000ADCB7F /* XCRemoteSwiftPackageReference "Kingfisher" */;
			productName = KingfisherSwiftUIStatic;
		};
		BBCAACA1247448E700600812 /* Moya */ = {
			isa = XCSwiftPackageProductDependency;
			package = BBCAACA0247448E700600812 /* XCRemoteSwiftPackageReference "Moya" */;
			productName = Moya;
		};
/* End XCSwiftPackageProductDependency section */
	};
	rootObject = BBCAAC65247446C500600812 /* Project object */;
}
